// !$*UTF8*$!
{
	archiveVersion = 1;
	classes = {
	};
	objectVersion = 50;
	objects = {

/* Begin PBXBuildFile section */
		1E52678321C9D52100BDD301 /* AppDelegate.swift in Sources */ = {isa = PBXBuildFile; fileRef = 1E52678221C9D52100BDD301 /* AppDelegate.swift */; };
		1E52678521C9D52100BDD301 /* ViewController.swift in Sources */ = {isa = PBXBuildFile; fileRef = 1E52678421C9D52100BDD301 /* ViewController.swift */; };
		1E52678821C9D52100BDD301 /* Main.storyboard in Resources */ = {isa = PBXBuildFile; fileRef = 1E52678621C9D52100BDD301 /* Main.storyboard */; };
		1E52678A21C9D52300BDD301 /* Assets.xcassets in Resources */ = {isa = PBXBuildFile; fileRef = 1E52678921C9D52300BDD301 /* Assets.xcassets */; };
		1E52678D21C9D52400BDD301 /* LaunchScreen.storyboard in Resources */ = {isa = PBXBuildFile; fileRef = 1E52678B21C9D52400BDD301 /* LaunchScreen.storyboard */; };
		1E52679821C9D52400BDD301 /* calculator10_0Tests.swift in Sources */ = {isa = PBXBuildFile; fileRef = 1E52679721C9D52400BDD301 /* calculator10_0Tests.swift */; };
		1E5267A321C9D52400BDD301 /* calculator10_0UITests.swift in Sources */ = {isa = PBXBuildFile; fileRef = 1E5267A221C9D52400BDD301 /* calculator10_0UITests.swift */; };
/* End PBXBuildFile section */

/* Begin PBXContainerItemProxy section */
		1E52679421C9D52400BDD301 /* PBXContainerItemProxy */ = {
			isa = PBXContainerItemProxy;
			containerPortal = 1E52677721C9D52100BDD301 /* Project object */;
			proxyType = 1;
			remoteGlobalIDString = 1E52677E21C9D52100BDD301;
			remoteInfo = calculator10.0;
		};
		1E52679F21C9D52400BDD301 /* PBXContainerItemProxy */ = {
			isa = PBXContainerItemProxy;
			containerPortal = 1E52677721C9D52100BDD301 /* Project object */;
			proxyType = 1;
			remoteGlobalIDString = 1E52677E21C9D52100BDD301;
			remoteInfo = calculator10.0;
		};
/* End PBXContainerItemProxy section */

/* Begin PBXFileReference section */
		1E52677F21C9D52100BDD301 /* calculator10.0.app */ = {isa = PBXFileReference; explicitFileType = wrapper.application; includeInIndex = 0; path = calculator10.0.app; sourceTree = BUILT_PRODUCTS_DIR; };
		1E52678221C9D52100BDD301 /* AppDelegate.swift */ = {isa = PBXFileReference; lastKnownFileType = sourcecode.swift; path = AppDelegate.swift; sourceTree = "<group>"; };
		1E52678421C9D52100BDD301 /* ViewController.swift */ = {isa = PBXFileReference; lastKnownFileType = sourcecode.swift; path = ViewController.swift; sourceTree = "<group>"; };
		1E52678721C9D52100BDD301 /* Base */ = {isa = PBXFileReference; lastKnownFileType = file.storyboard; name = Base; path = Base.lproj/Main.storyboard; sourceTree = "<group>"; };
		1E52678921C9D52300BDD301 /* Assets.xcassets */ = {isa = PBXFileReference; lastKnownFileType = folder.assetcatalog; path = Assets.xcassets; sourceTree = "<group>"; };
		1E52678C21C9D52400BDD301 /* Base */ = {isa = PBXFileReference; lastKnownFileType = file.storyboard; name = Base; path = Base.lproj/LaunchScreen.storyboard; sourceTree = "<group>"; };
		1E52678E21C9D52400BDD301 /* Info.plist */ = {isa = PBXFileReference; lastKnownFileType = text.plist.xml; path = Info.plist; sourceTree = "<group>"; };
		1E52679321C9D52400BDD301 /* calculator10.0Tests.xctest */ = {isa = PBXFileReference; explicitFileType = wrapper.cfbundle; includeInIndex = 0; path = calculator10.0Tests.xctest; sourceTree = BUILT_PRODUCTS_DIR; };
		1E52679721C9D52400BDD301 /* calculator10_0Tests.swift */ = {isa = PBXFileReference; lastKnownFileType = sourcecode.swift; path = calculator10_0Tests.swift; sourceTree = "<group>"; };
		1E52679921C9D52400BDD301 /* Info.plist */ = {isa = PBXFileReference; lastKnownFileType = text.plist.xml; path = Info.plist; sourceTree = "<group>"; };
		1E52679E21C9D52400BDD301 /* calculator10.0UITests.xctest */ = {isa = PBXFileReference; explicitFileType = wrapper.cfbundle; includeInIndex = 0; path = calculator10.0UITests.xctest; sourceTree = BUILT_PRODUCTS_DIR; };
		1E5267A221C9D52400BDD301 /* calculator10_0UITests.swift */ = {isa = PBXFileReference; lastKnownFileType = sourcecode.swift; path = calculator10_0UITests.swift; sourceTree = "<group>"; };
		1E5267A421C9D52400BDD301 /* Info.plist */ = {isa = PBXFileReference; lastKnownFileType = text.plist.xml; path = Info.plist; sourceTree = "<group>"; };
/* End PBXFileReference section */

/* Begin PBXFrameworksBuildPhase section */
		1E52677C21C9D52100BDD301 /* Frameworks */ = {
			isa = PBXFrameworksBuildPhase;
			buildActionMask = 2147483647;
			files = (
			);
			runOnlyForDeploymentPostprocessing = 0;
		};
		1E52679021C9D52400BDD301 /* Frameworks */ = {
			isa = PBXFrameworksBuildPhase;
			buildActionMask = 2147483647;
			files = (
			);
			runOnlyForDeploymentPostprocessing = 0;
		};
		1E52679B21C9D52400BDD301 /* Frameworks */ = {
			isa = PBXFrameworksBuildPhase;
			buildActionMask = 2147483647;
			files = (
			);
			runOnlyForDeploymentPostprocessing = 0;
		};
/* End PBXFrameworksBuildPhase section */

/* Begin PBXGroup section */
		1E52677621C9D52100BDD301 = {
			isa = PBXGroup;
			children = (
				1E52678121C9D52100BDD301 /* calculator10.0 */,
				1E52679621C9D52400BDD301 /* calculator10.0Tests */,
				1E5267A121C9D52400BDD301 /* calculator10.0UITests */,
				1E52678021C9D52100BDD301 /* Products */,
			);
			sourceTree = "<group>";
		};
		1E52678021C9D52100BDD301 /* Products */ = {
			isa = PBXGroup;
			children = (
				1E52677F21C9D52100BDD301 /* calculator10.0.app */,
				1E52679321C9D52400BDD301 /* calculator10.0Tests.xctest */,
				1E52679E21C9D52400BDD301 /* calculator10.0UITests.xctest */,
			);
			name = Products;
			sourceTree = "<group>";
		};
		1E52678121C9D52100BDD301 /* calculator10.0 */ = {
			isa = PBXGroup;
			children = (
				1E52678221C9D52100BDD301 /* AppDelegate.swift */,
				1E52678421C9D52100BDD301 /* ViewController.swift */,
				1E52678621C9D52100BDD301 /* Main.storyboard */,
				1E52678921C9D52300BDD301 /* Assets.xcassets */,
				1E52678B21C9D52400BDD301 /* LaunchScreen.storyboard */,
				1E52678E21C9D52400BDD301 /* Info.plist */,
			);
			path = calculator10.0;
			sourceTree = "<group>";
		};
		1E52679621C9D52400BDD301 /* calculator10.0Tests */ = {
			isa = PBXGroup;
			children = (
				1E52679721C9D52400BDD301 /* calculator10_0Tests.swift */,
				1E52679921C9D52400BDD301 /* Info.plist */,
			);
			path = calculator10.0Tests;
			sourceTree = "<group>";
		};
		1E5267A121C9D52400BDD301 /* calculator10.0UITests */ = {
			isa = PBXGroup;
			children = (
				1E5267A221C9D52400BDD301 /* calculator10_0UITests.swift */,
				1E5267A421C9D52400BDD301 /* Info.plist */,
			);
			path = calculator10.0UITests;
			sourceTree = "<group>";
		};
/* End PBXGroup section */

/* Begin PBXNativeTarget section */
		1E52677E21C9D52100BDD301 /* calculator10.0 */ = {
			isa = PBXNativeTarget;
			buildConfigurationList = 1E5267A721C9D52400BDD301 /* Build configuration list for PBXNativeTarget "calculator10.0" */;
			buildPhases = (
				1E52677B21C9D52100BDD301 /* Sources */,
				1E52677C21C9D52100BDD301 /* Frameworks */,
				1E52677D21C9D52100BDD301 /* Resources */,
			);
			buildRules = (
			);
			dependencies = (
			);
			name = calculator10.0;
			productName = calculator10.0;
			productReference = 1E52677F21C9D52100BDD301 /* calculator10.0.app */;
			productType = "com.apple.product-type.application";
		};
		1E52679221C9D52400BDD301 /* calculator10.0Tests */ = {
			isa = PBXNativeTarget;
			buildConfigurationList = 1E5267AA21C9D52400BDD301 /* Build configuration list for PBXNativeTarget "calculator10.0Tests" */;
			buildPhases = (
				1E52678F21C9D52400BDD301 /* Sources */,
				1E52679021C9D52400BDD301 /* Frameworks */,
				1E52679121C9D52400BDD301 /* Resources */,
			);
			buildRules = (
			);
			dependencies = (
				1E52679521C9D52400BDD301 /* PBXTargetDependency */,
			);
			name = calculator10.0Tests;
			productName = calculator10.0Tests;
			productReference = 1E52679321C9D52400BDD301 /* calculator10.0Tests.xctest */;
			productType = "com.apple.product-type.bundle.unit-test";
		};
		1E52679D21C9D52400BDD301 /* calculator10.0UITests */ = {
			isa = PBXNativeTarget;
			buildConfigurationList = 1E5267AD21C9D52400BDD301 /* Build configuration list for PBXNativeTarget "calculator10.0UITests" */;
			buildPhases = (
				1E52679A21C9D52400BDD301 /* Sources */,
				1E52679B21C9D52400BDD301 /* Frameworks */,
				1E52679C21C9D52400BDD301 /* Resources */,
			);
			buildRules = (
			);
			dependencies = (
				1E5267A021C9D52400BDD301 /* PBXTargetDependency */,
			);
			name = calculator10.0UITests;
			productName = calculator10.0UITests;
			productReference = 1E52679E21C9D52400BDD301 /* calculator10.0UITests.xctest */;
			productType = "com.apple.product-type.bundle.ui-testing";
		};
/* End PBXNativeTarget section */

/* Begin PBXProject section */
		1E52677721C9D52100BDD301 /* Project object */ = {
			isa = PBXProject;
			attributes = {
				LastSwiftUpdateCheck = 1010;
				LastUpgradeCheck = 1010;
				ORGANIZATIONNAME = s20171103191;
				TargetAttributes = {
					1E52677E21C9D52100BDD301 = {
						CreatedOnToolsVersion = 10.1;
					};
					1E52679221C9D52400BDD301 = {
						CreatedOnToolsVersion = 10.1;
						TestTargetID = 1E52677E21C9D52100BDD301;
					};
					1E52679D21C9D52400BDD301 = {
						CreatedOnToolsVersion = 10.1;
						TestTargetID = 1E52677E21C9D52100BDD301;
					};
				};
			};
			buildConfigurationList = 1E52677A21C9D52100BDD301 /* Build configuration list for PBXProject "calculator10.0" */;
			compatibilityVersion = "Xcode 9.3";
			developmentRegion = en;
			hasScannedForEncodings = 0;
			knownRegions = (
				en,
				Base,
			);
			mainGroup = 1E52677621C9D52100BDD301;
			productRefGroup = 1E52678021C9D52100BDD301 /* Products */;
			projectDirPath = "";
			projectRoot = "";
			targets = (
				1E52677E21C9D52100BDD301 /* calculator10.0 */,
				1E52679221C9D52400BDD301 /* calculator10.0Tests */,
				1E52679D21C9D52400BDD301 /* calculator10.0UITests */,
			);
		};
/* End PBXProject section */

/* Begin PBXResourcesBuildPhase section */
		1E52677D21C9D52100BDD301 /* Resources */ = {
			isa = PBXResourcesBuildPhase;
			buildActionMask = 2147483647;
			files = (
				1E52678D21C9D52400BDD301 /* LaunchScreen.storyboard in Resources */,
				1E52678A21C9D52300BDD301 /* Assets.xcassets in Resources */,
				1E52678821C9D52100BDD301 /* Main.storyboard in Resources */,
			);
			runOnlyForDeploymentPostprocessing = 0;
		};
		1E52679121C9D52400BDD301 /* Resources */ = {
			isa = PBXResourcesBuildPhase;
			buildActionMask = 2147483647;
			files = (
			);
			runOnlyForDeploymentPostprocessing = 0;
		};
		1E52679C21C9D52400BDD301 /* Resources */ = {
			isa = PBXResourcesBuildPhase;
			buildActionMask = 2147483647;
			files = (
			);
			runOnlyForDeploymentPostprocessing = 0;
		};
/* End PBXResourcesBuildPhase section */

/* Begin PBXSourcesBuildPhase section */
		1E52677B21C9D52100BDD301 /* Sources */ = {
			isa = PBXSourcesBuildPhase;
			buildActionMask = 2147483647;
			files = (
				1E52678521C9D52100BDD301 /* ViewController.swift in Sources */,
				1E52678321C9D52100BDD301 /* AppDelegate.swift in Sources */,
			);
			runOnlyForDeploymentPostprocessing = 0;
		};
		1E52678F21C9D52400BDD301 /* Sources */ = {
			isa = PBXSourcesBuildPhase;
			buildActionMask = 2147483647;
			files = (
				1E52679821C9D52400BDD301 /* calculator10_0Tests.swift in Sources */,
			);
			runOnlyForDeploymentPostprocessing = 0;
		};
		1E52679A21C9D52400BDD301 /* Sources */ = {
			isa = PBXSourcesBuildPhase;
			buildActionMask = 2147483647;
			files = (
				1E5267A321C9D52400BDD301 /* calculator10_0UITests.swift in Sources */,
			);
			runOnlyForDeploymentPostprocessing = 0;
		};
/* End PBXSourcesBuildPhase section */

/* Begin PBXTargetDependency section */
		1E52679521C9D52400BDD301 /* PBXTargetDependency */ = {
			isa = PBXTargetDependency;
			target = 1E52677E21C9D52100BDD301 /* calculator10.0 */;
			targetProxy = 1E52679421C9D52400BDD301 /* PBXContainerItemProxy */;
		};
		1E5267A021C9D52400BDD301 /* PBXTargetDependency */ = {
			isa = PBXTargetDependency;
			target = 1E52677E21C9D52100BDD301 /* calculator10.0 */;
			targetProxy = 1E52679F21C9D52400BDD301 /* PBXContainerItemProxy */;
		};
/* End PBXTargetDependency section */

/* Begin PBXVariantGroup section */
		1E52678621C9D52100BDD301 /* Main.storyboard */ = {
			isa = PBXVariantGroup;
			children = (
				1E52678721C9D52100BDD301 /* Base */,
			);
			name = Main.storyboard;
			sourceTree = "<group>";
		};
		1E52678B21C9D52400BDD301 /* LaunchScreen.storyboard */ = {
			isa = PBXVariantGroup;
			children = (
				1E52678C21C9D52400BDD301 /* Base */,
			);
			name = LaunchScreen.storyboard;
			sourceTree = "<group>";
		};
/* End PBXVariantGroup section */

/* Begin XCBuildConfiguration section */
		1E5267A521C9D52400BDD301 /* Debug */ = {
			isa = XCBuildConfiguration;
			buildSettings = {
				ALWAYS_SEARCH_USER_PATHS = NO;
				CLANG_ANALYZER_NONNULL = YES;
				CLANG_ANALYZER_NUMBER_OBJECT_CONVERSION = YES_AGGRESSIVE;
				CLANG_CXX_LANGUAGE_STANDARD = "gnu++14";
				CLANG_CXX_LIBRARY = "libc++";
				CLANG_ENABLE_MODULES = YES;
				CLANG_ENABLE_OBJC_ARC = YES;
				CLANG_ENABLE_OBJC_WEAK = YES;
				CLANG_WARN_BLOCK_CAPTURE_AUTORELEASING = YES;
				CLANG_WARN_BOOL_CONVERSION = YES;
				CLANG_WARN_COMMA = YES;
				CLANG_WARN_CONSTANT_CONVERSION = YES;
				CLANG_WARN_DEPRECATED_OBJC_IMPLEMENTATIONS = YES;
				CLANG_WARN_DIRECT_OBJC_ISA_USAGE = YES_ERROR;
				CLANG_WARN_DOCUMENTATION_COMMENTS = YES;
				CLANG_WARN_EMPTY_BODY = YES;
				CLANG_WARN_ENUM_CONVERSION = YES;
				CLANG_WARN_INFINITE_RECURSION = YES;
				CLANG_WARN_INT_CONVERSION = YES;
				CLANG_WARN_NON_LITERAL_NULL_CONVERSION = YES;
				CLANG_WARN_OBJC_IMPLICIT_RETAIN_SELF = YES;
				CLANG_WARN_OBJC_LITERAL_CONVERSION = YES;
				CLANG_WARN_OBJC_ROOT_CLASS = YES_ERROR;
				CLANG_WARN_RANGE_LOOP_ANALYSIS = YES;
				CLANG_WARN_STRICT_PROTOTYPES = YES;
				CLANG_WARN_SUSPICIOUS_MOVE = YES;
				CLANG_WARN_UNGUARDED_AVAILABILITY = YES_AGGRESSIVE;
				CLANG_WARN_UNREACHABLE_CODE = YES;
				CLANG_WARN__DUPLICATE_METHOD_MATCH = YES;
				CODE_SIGN_IDENTITY = "iPhone Developer";
				COPY_PHASE_STRIP = NO;
				DEBUG_INFORMATION_FORMAT = dwarf;
				ENABLE_STRICT_OBJC_MSGSEND = YES;
				ENABLE_TESTABILITY = YES;
				GCC_C_LANGUAGE_STANDARD = gnu11;
				GCC_DYNAMIC_NO_PIC = NO;
				GCC_NO_COMMON_BLOCKS = YES;
				GCC_OPTIMIZATION_LEVEL = 0;
				GCC_PREPROCESSOR_DEFINITIONS = (
					"DEBUG=1",
					"$(inherited)",
				);
				GCC_WARN_64_TO_32_BIT_CONVERSION = YES;
				GCC_WARN_ABOUT_RETURN_TYPE = YES_ERROR;
				GCC_WARN_UNDECLARED_SELECTOR = YES;
				GCC_WARN_UNINITIALIZED_AUTOS = YES_AGGRESSIVE;
				GCC_WARN_UNUSED_FUNCTION = YES;
				GCC_WARN_UNUSED_VARIABLE = YES;
				IPHONEOS_DEPLOYMENT_TARGET = 12.1;
				MTL_ENABLE_DEBUG_INFO = INCLUDE_SOURCE;
				MTL_FAST_MATH = YES;
				ONLY_ACTIVE_ARCH = YES;
				SDKROOT = iphoneos;
				SWIFT_ACTIVE_COMPILATION_CONDITIONS = DEBUG;
				SWIFT_OPTIMIZATION_LEVEL = "-Onone";
			};
			name = Debug;
		};
		1E5267A621C9D52400BDD301 /* Release */ = {
			isa = XCBuildConfiguration;
			buildSettings = {
				ALWAYS_SEARCH_USER_PATHS = NO;
				CLANG_ANALYZER_NONNULL = YES;
				CLANG_ANALYZER_NUMBER_OBJECT_CONVERSION = YES_AGGRESSIVE;
				CLANG_CXX_LANGUAGE_STANDARD = "gnu++14";
				CLANG_CXX_LIBRARY = "libc++";
				CLANG_ENABLE_MODULES = YES;
				CLANG_ENABLE_OBJC_ARC = YES;
				CLANG_ENABLE_OBJC_WEAK = YES;
				CLANG_WARN_BLOCK_CAPTURE_AUTORELEASING = YES;
				CLANG_WARN_BOOL_CONVERSION = YES;
				CLANG_WARN_COMMA = YES;
				CLANG_WARN_CONSTANT_CONVERSION = YES;
				CLANG_WARN_DEPRECATED_OBJC_IMPLEMENTATIONS = YES;
				CLANG_WARN_DIRECT_OBJC_ISA_USAGE = YES_ERROR;
				CLANG_WARN_DOCUMENTATION_COMMENTS = YES;
				CLANG_WARN_EMPTY_BODY = YES;
				CLANG_WARN_ENUM_CONVERSION = YES;
				CLANG_WARN_INFINITE_RECURSION = YES;
				CLANG_WARN_INT_CONVERSION = YES;
				CLANG_WARN_NON_LITERAL_NULL_CONVERSION = YES;
				CLANG_WARN_OBJC_IMPLICIT_RETAIN_SELF = YES;
				CLANG_WARN_OBJC_LITERAL_CONVERSION = YES;
				CLANG_WARN_OBJC_ROOT_CLASS = YES_ERROR;
				CLANG_WARN_RANGE_LOOP_ANALYSIS = YES;
				CLANG_WARN_STRICT_PROTOTYPES = YES;
				CLANG_WARN_SUSPICIOUS_MOVE = YES;
				CLANG_WARN_UNGUARDED_AVAILABILITY = YES_AGGRESSIVE;
				CLANG_WARN_UNREACHABLE_CODE = YES;
				CLANG_WARN__DUPLICATE_METHOD_MATCH = YES;
				CODE_SIGN_IDENTITY = "iPhone Developer";
				COPY_PHASE_STRIP = NO;
				DEBUG_INFORMATION_FORMAT = "dwarf-with-dsym";
				ENABLE_NS_ASSERTIONS = NO;
				ENABLE_STRICT_OBJC_MSGSEND = YES;
				GCC_C_LANGUAGE_STANDARD = gnu11;
				GCC_NO_COMMON_BLOCKS = YES;
				GCC_WARN_64_TO_32_BIT_CONVERSION = YES;
				GCC_WARN_ABOUT_RETURN_TYPE = YES_ERROR;
				GCC_WARN_UNDECLARED_SELECTOR = YES;
				GCC_WARN_UNINITIALIZED_AUTOS = YES_AGGRESSIVE;
				GCC_WARN_UNUSED_FUNCTION = YES;
				GCC_WARN_UNUSED_VARIABLE = YES;
				IPHONEOS_DEPLOYMENT_TARGET = 12.1;
				MTL_ENABLE_DEBUG_INFO = NO;
				MTL_FAST_MATH = YES;
				SDKROOT = iphoneos;
				SWIFT_COMPILATION_MODE = wholemodule;
				SWIFT_OPTIMIZATION_LEVEL = "-O";
				VALIDATE_PRODUCT = YES;
			};
			name = Release;
		};
		1E5267A821C9D52400BDD301 /* Debug */ = {
			isa = XCBuildConfiguration;
			buildSettings = {
				ASSETCATALOG_COMPILER_APPICON_NAME = AppIcon;
				CODE_SIGN_STYLE = Automatic;
				DEVELOPMENT_TEAM = 36753D4UAQ;
				INFOPLIST_FILE = calculator10.0/Info.plist;
				LD_RUNPATH_SEARCH_PATHS = (
					"$(inherited)",
					"@executable_path/Frameworks",
				);
				PRODUCT_BUNDLE_IDENTIFIER = "imnu.calculator10-0";
				PRODUCT_NAME = "$(TARGET_NAME)";
				SWIFT_VERSION = 4.2;
				TARGETED_DEVICE_FAMILY = "1,2";
			};
			name = Debug;
		};
		1E5267A921C9D52400BDD301 /* Release */ = {
			isa = XCBuildConfiguration;
			buildSettings = {
				ASSETCATALOG_COMPILER_APPICON_NAME = AppIcon;
				CODE_SIGN_STYLE = Automatic;
				DEVELOPMENT_TEAM = 36753D4UAQ;
				INFOPLIST_FILE = calculator10.0/Info.plist;
				LD_RUNPATH_SEARCH_PATHS = (
					"$(inherited)",
					"@executable_path/Frameworks",
				);
				PRODUCT_BUNDLE_IDENTIFIER = "imnu.calculator10-0";
				PRODUCT_NAME = "$(TARGET_NAME)";
				SWIFT_VERSION = 4.2;
				TARGETED_DEVICE_FAMILY = "1,2";
			};
			name = Release;
		};
		1E5267AB21C9D52400BDD301 /* Debug */ = {
			isa = XCBuildConfiguration;
			buildSettings = {
				ALWAYS_EMBED_SWIFT_STANDARD_LIBRARIES = YES;
				BUNDLE_LOADER = "$(TEST_HOST)";
				CODE_SIGN_STYLE = Automatic;
				DEVELOPMENT_TEAM = 36753D4UAQ;
				INFOPLIST_FILE = calculator10.0Tests/Info.plist;
				LD_RUNPATH_SEARCH_PATHS = (
					"$(inherited)",
					"@executable_path/Frameworks",
					"@loader_path/Frameworks",
				);
				PRODUCT_BUNDLE_IDENTIFIER = "imnu.calculator10-0Tests";
				PRODUCT_NAME = "$(TARGET_NAME)";
				SWIFT_VERSION = 4.2;
				TARGETED_DEVICE_FAMILY = "1,2";
				TEST_HOST = "$(BUILT_PRODUCTS_DIR)/calculator10.0.app/calculator10.0";
			};
			name = Debug;
		};
		1E5267AC21C9D52400BDD301 /* Release */ = {
			isa = XCBuildConfiguration;
			buildSettings = {
				ALWAYS_EMBED_SWIFT_STANDARD_LIBRARIES = YES;
				BUNDLE_LOADER = "$(TEST_HOST)";
				CODE_SIGN_STYLE = Automatic;
				DEVELOPMENT_TEAM = 36753D4UAQ;
				INFOPLIST_FILE = calculator10.0Tests/Info.plist;
				LD_RUNPATH_SEARCH_PATHS = (
					"$(inherited)",
					"@executable_path/Frameworks",
					"@loader_path/Frameworks",
				);
				PRODUCT_BUNDLE_IDENTIFIER = "imnu.calculator10-0Tests";
				PRODUCT_NAME = "$(TARGET_NAME)";
				SWIFT_VERSION = 4.2;
				TARGETED_DEVICE_FAMILY = "1,2";
				TEST_HOST = "$(BUILT_PRODUCTS_DIR)/calculator10.0.app/calculator10.0";
			};
			name = Release;
		};
		1E5267AE21C9D52400BDD301 /* Debug */ = {
			isa = XCBuildConfiguration;
			buildSettings = {
				ALWAYS_EMBED_SWIFT_STANDARD_LIBRARIES = YES;
				CODE_SIGN_STYLE = Automatic;
				DEVELOPMENT_TEAM = 36753D4UAQ;
				INFOPLIST_FILE = calculator10.0UITests/Info.plist;
				LD_RUNPATH_SEARCH_PATHS = (
					"$(inherited)",
					"@executable_path/Frameworks",
					"@loader_path/Frameworks",
				);
				PRODUCT_BUNDLE_IDENTIFIER = "imnu.calculator10-0UITests";
				PRODUCT_NAME = "$(TARGET_NAME)";
				SWIFT_VERSION = 4.2;
				TARGETED_DEVICE_FAMILY = "1,2";
				TEST_TARGET_NAME = calculator10.0;
			};
			name = Debug;
		};
		1E5267AF21C9D52400BDD301 /* Release */ = {
			isa = XCBuildConfiguration;
			buildSettings = {
				ALWAYS_EMBED_SWIFT_STANDARD_LIBRARIES = YES;
				CODE_SIGN_STYLE = Automatic;
				DEVELOPMENT_TEAM = 36753D4UAQ;
				INFOPLIST_FILE = calculator10.0UITests/Info.plist;
				LD_RUNPATH_SEARCH_PATHS = (
					"$(inherited)",
					"@executable_path/Frameworks",
					"@loader_path/Frameworks",
				);
				PRODUCT_BUNDLE_IDENTIFIER = "imnu.calculator10-0UITests";
				PRODUCT_NAME = "$(TARGET_NAME)";
				SWIFT_VERSION = 4.2;
				TARGETED_DEVICE_FAMILY = "1,2";
				TEST_TARGET_NAME = calculator10.0;
			};
			name = Release;
		};
/* End XCBuildConfiguration section */

/* Begin XCConfigurationList section */
		1E52677A21C9D52100BDD301 /* Build configuration list for PBXProject "calculator10.0" */ = {
			isa = XCConfigurationList;
			buildConfigurations = (
				1E5267A521C9D52400BDD301 /* Debug */,
				1E5267A621C9D52400BDD301 /* Release */,
			);
			defaultConfigurationIsVisible = 0;
			defaultConfigurationName = Release;
		};
		1E5267A721C9D52400BDD301 /* Build configuration list for PBXNativeTarget "calculator10.0" */ = {
			isa = XCConfigurationList;
			buildConfigurations = (
				1E5267A821C9D52400BDD301 /* Debug */,
				1E5267A921C9D52400BDD301 /* Release */,
			);
			defaultConfigurationIsVisible = 0;
			defaultConfigurationName = Release;
		};
		1E5267AA21C9D52400BDD301 /* Build configuration list for PBXNativeTarget "calculator10.0Tests" */ = {
			isa = XCConfigurationList;
			buildConfigurations = (
				1E5267AB21C9D52400BDD301 /* Debug */,
				1E5267AC21C9D52400BDD301 /* Release */,
			);
			defaultConfigurationIsVisible = 0;
			defaultConfigurationName = Release;
		};
		1E5267AD21C9D52400BDD301 /* Build configuration list for PBXNativeTarget "calculator10.0UITests" */ = {
			isa = XCConfigurationList;
			buildConfigurations = (
				1E5267AE21C9D52400BDD301 /* Debug */,
				1E5267AF21C9D52400BDD301 /* Release */,
			);
			defaultConfigurationIsVisible = 0;
			defaultConfigurationName = Release;
		};
/* End XCConfigurationList section */
	};
	rootObject = 1E52677721C9D52100BDD301 /* Project object */;
}
